lockfileVersion: '9.0'

settings:
  autoInstallPeers: true
  excludeLinksFromLockfile: false

importers:

  .:
    dependencies:
      '@mozilla/readability':
        specifier: ^0.6.0
        version: 0.6.0
      '@notionhq/client':
        specifier: ^4.0.0
        version: 4.0.0
      '@openrouter/ai-sdk-provider':
        specifier: ^0.7.3
        version: 0.7.3(ai@4.3.19(react@19.1.0)(zod@3.25.76))(zod@3.25.76)
      ai:
        specifier: ^4.3.19
        version: 4.3.19(react@19.1.0)(zod@3.25.76)
      dotenv:
        specifier: ^17.1.0
        version: 17.1.0
      jsdom:
        specifier: ^26.1.0
        version: 26.1.0
      notion-to-md:
        specifier: ^3.1.9
        version: 3.1.9
      playwright:
        specifier: ^1.54.2
        version: 1.54.2

packages:

  '@ai-sdk/provider-utils@2.2.8':
    resolution: {integrity: sha512-fqhG+4sCVv8x7nFzYnFo19ryhAa3w096Kmc3hWxMQfW/TubPOmt3A6tYZhl4mUfQWWQMsuSkLrtjlWuXBVSGQA==}
    engines: {node: '>=18'}
    peerDependencies:
      zod: ^3.23.8

  '@ai-sdk/provider@1.1.3':
    resolution: {integrity: sha512-qZMxYJ0qqX/RfnuIaab+zp8UAeJn/ygXXAffR5I4N0n1IrvA6qBsjc8hXLmBiMV2zoXlifkacF7sEFnYnjBcqg==}
    engines: {node: '>=18'}

  '@ai-sdk/react@1.2.12':
    resolution: {integrity: sha512-jK1IZZ22evPZoQW3vlkZ7wvjYGYF+tRBKXtrcolduIkQ/m/sOAVcVeVDUDvh1T91xCnWCdUGCPZg2avZ90mv3g==}
    engines: {node: '>=18'}
    peerDependencies:
      react: ^18 || ^19 || ^19.0.0-rc
      zod: ^3.23.8
    peerDependenciesMeta:
      zod:
        optional: true

  '@ai-sdk/ui-utils@1.2.11':
    resolution: {integrity: sha512-3zcwCc8ezzFlwp3ZD15wAPjf2Au4s3vAbKsXQVyhxODHcmu0iyPO2Eua6D/vicq/AUm/BAo60r97O6HU+EI0+w==}
    engines: {node: '>=18'}
    peerDependencies:
      zod: ^3.23.8

  '@asamuzakjp/css-color@3.2.0':
    resolution: {integrity: sha512-K1A6z8tS3XsmCMM86xoWdn7Fkdn9m6RSVtocUrJYIwZnFVkng/PvkEoWtOWmP+Scc6saYWHWZYbndEEXxl24jw==}

  '@csstools/color-helpers@5.0.2':
    resolution: {integrity: sha512-JqWH1vsgdGcw2RR6VliXXdA0/59LttzlU8UlRT/iUUsEeWfYq8I+K0yhihEUTTHLRm1EXvpsCx3083EU15ecsA==}
    engines: {node: '>=18'}

  '@csstools/css-calc@2.1.4':
    resolution: {integrity: sha512-3N8oaj+0juUw/1H3YwmDDJXCgTB1gKU6Hc/bB502u9zR0q2vd786XJH9QfrKIEgFlZmhZiq6epXl4rHqhzsIgQ==}
    engines: {node: '>=18'}
    peerDependencies:
      '@csstools/css-parser-algorithms': ^3.0.5
      '@csstools/css-tokenizer': ^3.0.4

  '@csstools/css-color-parser@3.0.10':
    resolution: {integrity: sha512-TiJ5Ajr6WRd1r8HSiwJvZBiJOqtH86aHpUjq5aEKWHiII2Qfjqd/HCWKPOW8EP4vcspXbHnXrwIDlu5savQipg==}
    engines: {node: '>=18'}
    peerDependencies:
      '@csstools/css-parser-algorithms': ^3.0.5
      '@csstools/css-tokenizer': ^3.0.4

  '@csstools/css-parser-algorithms@3.0.5':
    resolution: {integrity: sha512-DaDeUkXZKjdGhgYaHNJTV9pV7Y9B3b644jCLs9Upc3VeNGg6LWARAT6O+Q+/COo+2gg/bM5rhpMAtf70WqfBdQ==}
    engines: {node: '>=18'}
    peerDependencies:
      '@csstools/css-tokenizer': ^3.0.4

  '@csstools/css-tokenizer@3.0.4':
    resolution: {integrity: sha512-Vd/9EVDiu6PPJt9yAh6roZP6El1xHrdvIVGjyBsHR0RYwNHgL7FJPyIIW4fANJNG6FtyZfvlRPpFI4ZM/lubvw==}
    engines: {node: '>=18'}

  '@mozilla/readability@0.6.0':
    resolution: {integrity: sha512-juG5VWh4qAivzTAeMzvY9xs9HY5rAcr2E4I7tiSSCokRFi7XIZCAu92ZkSTsIj1OPceCifL3cpfteP3pDT9/QQ==}
    engines: {node: '>=14.0.0'}

  '@notionhq/client@4.0.0':
    resolution: {integrity: sha512-repLjfvmiwZ/oKAULpudXZ67VnXaGpr+AbzRXOntO89v8kslVlUfZX/VLgKRzQ0gRWGBabtFp+5YoTRuhQp6jA==}
    engines: {node: '>=18'}

  '@openrouter/ai-sdk-provider@0.7.3':
    resolution: {integrity: sha512-qv0oYJjJK507jVfUxsFbIHvbZNvcBiCl7nziEaS0oqPAtARQ3SM7IIg8blAzVwj/aFzs7OUD1HcuTb7Rrq+jBA==}
    engines: {node: '>=18'}
    peerDependencies:
      ai: ^4.3.17
      zod: ^3.25.34

  '@opentelemetry/api@1.9.0':
    resolution: {integrity: sha512-3giAOQvZiH5F9bMlMiv8+GSPMeqg0dbaeo58/0SlA9sxSqZhnUtxzX9/2FzyhS9sWQf5S0GJE0AKBrFqjpeYcg==}
    engines: {node: '>=8.0.0'}

  '@types/diff-match-patch@1.0.36':
    resolution: {integrity: sha512-xFdR6tkm0MWvBfO8xXCSsinYxHcqkQUlcHeSpMC2ukzOb6lwQAfDmW+Qt0AvlGd8HpsS28qKsB+oPeJn9I39jg==}

  agent-base@7.1.4:
    resolution: {integrity: sha512-MnA+YT8fwfJPgBx3m60MNqakm30XOkyIoH1y6huTQvC0PwZG7ki8NacLBcrPbNoo8vEZy7Jpuk7+jMO+CUovTQ==}
    engines: {node: '>= 14'}

  ai@4.3.19:
    resolution: {integrity: sha512-dIE2bfNpqHN3r6IINp9znguYdhIOheKW2LDigAMrgt/upT3B8eBGPSCblENvaZGoq+hxaN9fSMzjWpbqloP+7Q==}
    engines: {node: '>=18'}
    peerDependencies:
      react: ^18 || ^19 || ^19.0.0-rc
      zod: ^3.23.8
    peerDependenciesMeta:
      react:
        optional: true

  chalk@5.4.1:
    resolution: {integrity: sha512-zgVZuo2WcZgfUEmsn6eO3kINexW8RAE4maiQ8QNs8CtpPCSyMiYsULR3HQYkm3w8FIA3SberyMJMSldGsW+U3w==}
    engines: {node: ^12.17.0 || ^14.13 || >=16.0.0}

  cssstyle@4.6.0:
    resolution: {integrity: sha512-2z+rWdzbbSZv6/rhtvzvqeZQHrBaqgogqt85sqFNbabZOuFbCVFb8kPeEtZjiKkbrm395irpNKiYeFeLiQnFPg==}
    engines: {node: '>=18'}

  data-urls@5.0.0:
    resolution: {integrity: sha512-ZYP5VBHshaDAiVZxjbRVcFJpc+4xGgT0bK3vzy1HLN8jTO975HEbuYzZJcHoQEY5K1a0z8YayJkyVETa08eNTg==}
    engines: {node: '>=18'}

  debug@4.4.1:
    resolution: {integrity: sha512-KcKCqiftBJcZr++7ykoDIEwSa3XWowTfNPo92BYxjXiyYEVrUQh2aLyhxBCwww+heortUFxEJYcRzosstTEBYQ==}
    engines: {node: '>=6.0'}
    peerDependencies:
      supports-color: '*'
    peerDependenciesMeta:
      supports-color:
        optional: true

  decimal.js@10.6.0:
    resolution: {integrity: sha512-YpgQiITW3JXGntzdUmyUR1V812Hn8T1YVXhCu+wO3OpS4eU9l4YdD3qjyiKdV6mvV29zapkMeD390UVEf2lkUg==}

  dequal@2.0.3:
    resolution: {integrity: sha512-0je+qPKHEMohvfRTCEo3CrPG6cAzAYgmzKyxRiYSSDkS6eGJdyVJm7WaYA5ECaAD9wLB2T4EEeymA5aFVcYXCA==}
    engines: {node: '>=6'}

  diff-match-patch@1.0.5:
    resolution: {integrity: sha512-IayShXAgj/QMXgB0IWmKx+rOPuGMhqm5w6jvFxmVenXKIzRqTAAsbBPT3kWQeGANj3jGgvcvv4yK6SxqYmikgw==}

  dotenv@17.1.0:
    resolution: {integrity: sha512-tG9VUTJTuju6GcXgbdsOuRhupE8cb4mRgY5JLRCh4MtGoVo3/gfGUtOMwmProM6d0ba2mCFvv+WrpYJV6qgJXQ==}
    engines: {node: '>=12'}

  entities@6.0.1:
    resolution: {integrity: sha512-aN97NXWF6AWBTahfVOIrB/NShkzi5H7F9r1s9mD3cDj4Ko5f2qhhVoYMibXF7GlLveb/D2ioWay8lxI97Ven3g==}
    engines: {node: '>=0.12'}

  fsevents@2.3.2:
    resolution: {integrity: sha512-xiqMQR4xAeHTuB9uWm+fFRcIOgKBMiOBP+eXiyT7jsgVCq1bkVygt00oASowB7EdtpOHaaPgKt812P9ab+DDKA==}
    engines: {node: ^8.16.0 || ^10.6.0 || >=11.0.0}
    os: [darwin]

  html-encoding-sniffer@4.0.0:
    resolution: {integrity: sha512-Y22oTqIU4uuPgEemfz7NDJz6OeKf12Lsu+QC+s3BVpda64lTiMYCyGwg5ki4vFxkMwQdeZDl2adZoqUgdFuTgQ==}
    engines: {node: '>=18'}

  http-proxy-agent@7.0.2:
    resolution: {integrity: sha512-T1gkAiYYDWYx3V5Bmyu7HcfcvL7mUrTWiM6yOfa3PIphViJ/gFPbvidQ+veqSOHci/PxBcDabeUNCzpOODJZig==}
    engines: {node: '>= 14'}

  https-proxy-agent@7.0.6:
    resolution: {integrity: sha512-vK9P5/iUfdl95AI+JVyUuIcVtd4ofvtrOr3HNtM2yxC9bnMbEdp3x01OhQNnjb8IJYi38VlTE3mBXwcfvywuSw==}
    engines: {node: '>= 14'}

  iconv-lite@0.6.3:
    resolution: {integrity: sha512-4fCk79wshMdzMp2rH06qWrJE4iolqLhCUH+OiuIgU++RB0+94NlDL81atO7GX55uUKueo0txHNtvEyI6D7WdMw==}
    engines: {node: '>=0.10.0'}

  is-potential-custom-element-name@1.0.1:
    resolution: {integrity: sha512-bCYeRA2rVibKZd+s2625gGnGF/t7DSqDs4dP7CrLA1m7jKWz6pps0LpYLJN8Q64HtmPKJ1hrN3nzPNKFEKOUiQ==}

  jsdom@26.1.0:
    resolution: {integrity: sha512-Cvc9WUhxSMEo4McES3P7oK3QaXldCfNWp7pl2NNeiIFlCoLr3kfq9kb1fxftiwk1FLV7CvpvDfonxtzUDeSOPg==}
    engines: {node: '>=18'}
    peerDependencies:
      canvas: ^3.0.0
    peerDependenciesMeta:
      canvas:
        optional: true

  json-schema@0.4.0:
    resolution: {integrity: sha512-es94M3nTIfsEPisRafak+HDLfHXnKBhV3vU5eqPcS3flIWqcxJWgXHXiey3YrpaNsanY5ei1VoYEbOzijuq9BA==}

  jsondiffpatch@0.6.0:
    resolution: {integrity: sha512-3QItJOXp2AP1uv7waBkao5nCvhEv+QmJAd38Ybq7wNI74Q+BBmnLn4EDKz6yI9xGAIQoUF87qHt+kc1IVxB4zQ==}
    engines: {node: ^18.0.0 || >=20.0.0}
    hasBin: true

  lru-cache@10.4.3:
    resolution: {integrity: sha512-JNAzZcXrCt42VGLuYz0zfAzDfAvJWW6AfYlDBQyDV5DClI2m5sAmK+OIO7s59XfsRsWHp02jAJrRadPRGTt6SQ==}

  markdown-table@2.0.0:
    resolution: {integrity: sha512-Ezda85ToJUBhM6WGaG6veasyym+Tbs3cMAw/ZhOPqXiYsr0jgocBV3j3nx+4lk47plLlIqjwuTm/ywVI+zjJ/A==}

  ms@2.1.3:
    resolution: {integrity: sha512-6FlzubTLZG3J2a/NVCAleEhjzq5oxgHyaCU9yYXvcLsvoVaHJq/s5xXI6/XXP6tz7R9xAOtHnSO/tXtF3WRTlA==}

  nanoid@3.3.11:
    resolution: {integrity: sha512-N8SpfPUnUp1bK+PMYW8qSWdl9U+wwNWI4QKxOYDy9JAro3WMX7p2OeVRF9v+347pnakNevPmiHhNmZ2HbFA76w==}
    engines: {node: ^10 || ^12 || ^13.7 || ^14 || >=15.0.1}
    hasBin: true

  node-fetch@2.7.0:
    resolution: {integrity: sha512-c4FRfUm/dbcWZ7U+1Wq0AwCyFL+3nt2bEw05wfxSz+DWpWsitgmSgYmy2dQdWyKC1694ELPqMs/YzUSNozLt8A==}
    engines: {node: 4.x || >=6.0.0}
    peerDependencies:
      encoding: ^0.1.0
    peerDependenciesMeta:
      encoding:
        optional: true

  notion-to-md@3.1.9:
    resolution: {integrity: sha512-SsYhhigh+jOv06QOiFynOQATPMl96CspWDIL3Q5klzp4eaZ1dYaPI3ELoly80G1K0jf730u3ItvfwskzPKK41g==}
    engines: {node: '>=12'}

  nwsapi@2.2.21:
    resolution: {integrity: sha512-o6nIY3qwiSXl7/LuOU0Dmuctd34Yay0yeuZRLFmDPrrdHpXKFndPj3hM+YEPVHYC5fx2otBx4Ilc/gyYSAUaIA==}

  parse5@7.3.0:
    resolution: {integrity: sha512-IInvU7fabl34qmi9gY8XOVxhYyMyuH2xUNpb2q8/Y+7552KlejkRvqvD19nMoUW/uQGGbqNpA6Tufu5FL5BZgw==}

  playwright-core@1.54.2:
    resolution: {integrity: sha512-n5r4HFbMmWsB4twG7tJLDN9gmBUeSPcsBZiWSE4DnYz9mJMAFqr2ID7+eGC9kpEnxExJ1epttwR59LEWCk8mtA==}
    engines: {node: '>=18'}
    hasBin: true

  playwright@1.54.2:
    resolution: {integrity: sha512-Hu/BMoA1NAdRUuulyvQC0pEqZ4vQbGfn8f7wPXcnqQmM+zct9UliKxsIkLNmz/ku7LElUNqmaiv1TG/aL5ACsw==}
    engines: {node: '>=18'}
    hasBin: true

  punycode@2.3.1:
    resolution: {integrity: sha512-vYt7UD1U9Wg6138shLtLOvdAu+8DsC/ilFtEVHcH+wydcSpNE20AfSOduf6MkRFahL5FY7X1oU7nKVZFtfq8Fg==}
    engines: {node: '>=6'}

  react@19.1.0:
    resolution: {integrity: sha512-FS+XFBNvn3GTAWq26joslQgWNoFu08F4kl0J4CgdNKADkdSGXQyTCnKteIAJy96Br6YbpEU1LSzV5dYtjMkMDg==}
    engines: {node: '>=0.10.0'}

  repeat-string@1.6.1:
    resolution: {integrity: sha512-PV0dzCYDNfRi1jCDbJzpW7jNNDRuCOG/jI5ctQcGKt/clZD+YcPS3yIlWuTJMmESC8aevCFmWJy5wjAFgNqN6w==}
    engines: {node: '>=0.10'}

  rrweb-cssom@0.8.0:
    resolution: {integrity: sha512-guoltQEx+9aMf2gDZ0s62EcV8lsXR+0w8915TC3ITdn2YueuNjdAYh/levpU9nFaoChh9RUS5ZdQMrKfVEN9tw==}

  safer-buffer@2.1.2:
    resolution: {integrity: sha512-YZo3K82SD7Riyi0E1EQPojLz7kpepnSQI9IyPbHHg1XXXevb5dJI7tpyN2ADxGcQbHG7vcyRHk0cbwqcQriUtg==}

  saxes@6.0.0:
    resolution: {integrity: sha512-xAg7SOnEhrm5zI3puOOKyy1OMcMlIJZYNJY7xLBwSze0UjhPLnWfj2GF2EpT0jmzaJKIWKHLsaSSajf35bcYnA==}
    engines: {node: '>=v12.22.7'}

  secure-json-parse@2.7.0:
    resolution: {integrity: sha512-6aU+Rwsezw7VR8/nyvKTx8QpWH9FrcYiXXlqC4z5d5XQBDRqtbfsRjnwGyqbi3gddNtWHuEk9OANUotL26qKUw==}

  swr@2.3.4:
    resolution: {integrity: sha512-bYd2lrhc+VarcpkgWclcUi92wYCpOgMws9Sd1hG1ntAu0NEy+14CbotuFjshBU2kt9rYj9TSmDcybpxpeTU1fg==}
    peerDependencies:
      react: ^16.11.0 || ^17.0.0 || ^18.0.0 || ^19.0.0

  symbol-tree@3.2.4:
    resolution: {integrity: sha512-9QNk5KwDF+Bvz+PyObkmSYjI5ksVUYtjW7AU22r2NKcfLJcXp96hkDWU3+XndOsUb+AQ9QhfzfCT2O+CNWT5Tw==}

  throttleit@2.1.0:
    resolution: {integrity: sha512-nt6AMGKW1p/70DF/hGBdJB57B8Tspmbp5gfJ8ilhLnt7kkr2ye7hzD6NVG8GGErk2HWF34igrL2CXmNIkzKqKw==}
    engines: {node: '>=18'}

  tldts-core@6.1.86:
    resolution: {integrity: sha512-Je6p7pkk+KMzMv2XXKmAE3McmolOQFdxkKw0R8EYNr7sELW46JqnNeTX8ybPiQgvg1ymCoF8LXs5fzFaZvJPTA==}

  tldts@6.1.86:
    resolution: {integrity: sha512-WMi/OQ2axVTf/ykqCQgXiIct+mSQDFdH2fkwhPwgEwvJ1kSzZRiinb0zF2Xb8u4+OqPChmyI6MEu4EezNJz+FQ==}
    hasBin: true

  tough-cookie@5.1.2:
    resolution: {integrity: sha512-FVDYdxtnj0G6Qm/DhNPSb8Ju59ULcup3tuJxkFb5K8Bv2pUXILbf0xZWU8PX8Ov19OXljbUyveOFwRMwkXzO+A==}
    engines: {node: '>=16'}

  tr46@0.0.3:
    resolution: {integrity: sha512-N3WMsuqV66lT30CrXNbEjx4GEwlow3v6rr4mCcv6prnfwhS01rkgyFdjPNBYd9br7LpXV1+Emh01fHnq2Gdgrw==}

  tr46@5.1.1:
    resolution: {integrity: sha512-hdF5ZgjTqgAntKkklYw0R03MG2x/bSzTtkxmIRw/sTNV8YXsCJ1tfLAX23lhxhHJlEf3CRCOCGGWw3vI3GaSPw==}
    engines: {node: '>=18'}

  use-sync-external-store@1.5.0:
    resolution: {integrity: sha512-Rb46I4cGGVBmjamjphe8L/UnvJD+uPPtTkNvX5mZgqdbavhI4EbgIWJiIHXJ8bc/i9EQGPRh4DwEURJ552Do0A==}
    peerDependencies:
      react: ^16.8.0 || ^17.0.0 || ^18.0.0 || ^19.0.0

  w3c-xmlserializer@5.0.0:
    resolution: {integrity: sha512-o8qghlI8NZHU1lLPrpi2+Uq7abh4GGPpYANlalzWxyWteJOCsr/P+oPBA49TOLu5FTZO4d3F9MnWJfiMo4BkmA==}
    engines: {node: '>=18'}

  webidl-conversions@3.0.1:
    resolution: {integrity: sha512-2JAn3z8AR6rjK8Sm8orRC0h/bcl/DqL7tRPdGZ4I1CjdF+EaMLmYxBHyXuKL849eucPFhvBoxMsflfOb8kxaeQ==}

  webidl-conversions@7.0.0:
    resolution: {integrity: sha512-VwddBukDzu71offAQR975unBIGqfKZpM+8ZX6ySk8nYhVoo5CYaZyzt3YBvYtRtO+aoGlqxPg/B87NGVZ/fu6g==}
    engines: {node: '>=12'}

  whatwg-encoding@3.1.1:
    resolution: {integrity: sha512-6qN4hJdMwfYBtE3YBTTHhoeuUrDBPZmbQaxWAqSALV/MeEnR5z1xd8UKud2RAkFoPkmB+hli1TZSnyi84xz1vQ==}
    engines: {node: '>=18'}

  whatwg-mimetype@4.0.0:
    resolution: {integrity: sha512-QaKxh0eNIi2mE9p2vEdzfagOKHCcj1pJ56EEHGQOVxp8r9/iszLUUV7v89x9O1p/T+NlTM5W7jW6+cz4Fq1YVg==}
    engines: {node: '>=18'}

  whatwg-url@14.2.0:
    resolution: {integrity: sha512-De72GdQZzNTUBBChsXueQUnPKDkg/5A5zp7pFDuQAj5UFoENpiACU0wlCvzpAGnTkj++ihpKwKyYewn/XNUbKw==}
    engines: {node: '>=18'}

  whatwg-url@5.0.0:
    resolution: {integrity: sha512-saE57nupxk6v3HY35+jzBwYa0rKSy0XR8JSxZPwgLr7ys0IBzhGviA1/TUGJLmSVqs8pb9AnvICXEuOHLprYTw==}

  ws@8.18.3:
    resolution: {integrity: sha512-PEIGCY5tSlUt50cqyMXfCzX+oOPqN0vuGqWzbcJ2xvnkzkq46oOpz7dQaTDBdfICb4N14+GARUDw2XV2N4tvzg==}
    engines: {node: '>=10.0.0'}
    peerDependencies:
      bufferutil: ^4.0.1
      utf-8-validate: '>=5.0.2'
    peerDependenciesMeta:
      bufferutil:
        optional: true
      utf-8-validate:
        optional: true

  xml-name-validator@5.0.0:
    resolution: {integrity: sha512-EvGK8EJ3DhaHfbRlETOWAS5pO9MZITeauHKJyb8wyajUfQUenkIg2MvLDTZ4T/TgIcm3HU0TFBgWWboAZ30UHg==}
    engines: {node: '>=18'}

  xmlchars@2.2.0:
    resolution: {integrity: sha512-JZnDKK8B0RCDw84FNdDAIpZK+JuJw+s7Lz8nksI7SIuU3UXJJslUthsi+uWBUYOwPFwW7W7PRLRfUKpxjtjFCw==}

  zod-to-json-schema@3.24.6:
    resolution: {integrity: sha512-h/z3PKvcTcTetyjl1fkj79MHNEjm+HpD6NXheWjzOekY7kV+lwDYnHw+ivHkijnCSMz1yJaWBD9vu/Fcmk+vEg==}
    peerDependencies:
      zod: ^3.24.1

  zod@3.25.76:
    resolution: {integrity: sha512-gzUt/qt81nXsFGKIFcC3YnfEAx5NkunCfnDlvuBSSFS02bcXu4Lmea0AFIUwbLWxWPx3d9p8S5QoaujKcNQxcQ==}

snapshots:

  '@ai-sdk/provider-utils@2.2.8(zod@3.25.76)':
    dependencies:
      '@ai-sdk/provider': 1.1.3
      nanoid: 3.3.11
      secure-json-parse: 2.7.0
      zod: 3.25.76

  '@ai-sdk/provider@1.1.3':
    dependencies:
      json-schema: 0.4.0

  '@ai-sdk/react@1.2.12(react@19.1.0)(zod@3.25.76)':
    dependencies:
      '@ai-sdk/provider-utils': 2.2.8(zod@3.25.76)
      '@ai-sdk/ui-utils': 1.2.11(zod@3.25.76)
      react: 19.1.0
      swr: 2.3.4(react@19.1.0)
      throttleit: 2.1.0
    optionalDependencies:
      zod: 3.25.76

  '@ai-sdk/ui-utils@1.2.11(zod@3.25.76)':
    dependencies:
      '@ai-sdk/provider': 1.1.3
      '@ai-sdk/provider-utils': 2.2.8(zod@3.25.76)
      zod: 3.25.76
      zod-to-json-schema: 3.24.6(zod@3.25.76)

  '@asamuzakjp/css-color@3.2.0':
    dependencies:
      '@csstools/css-calc': 2.1.4(@csstools/css-parser-algorithms@3.0.5(@csstools/css-tokenizer@3.0.4))(@csstools/css-tokenizer@3.0.4)
      '@csstools/css-color-parser': 3.0.10(@csstools/css-parser-algorithms@3.0.5(@csstools/css-tokenizer@3.0.4))(@csstools/css-tokenizer@3.0.4)
      '@csstools/css-parser-algorithms': 3.0.5(@csstools/css-tokenizer@3.0.4)
      '@csstools/css-tokenizer': 3.0.4
      lru-cache: 10.4.3

  '@csstools/color-helpers@5.0.2': {}

  '@csstools/css-calc@2.1.4(@csstools/css-parser-algorithms@3.0.5(@csstools/css-tokenizer@3.0.4))(@csstools/css-tokenizer@3.0.4)':
    dependencies:
      '@csstools/css-parser-algorithms': 3.0.5(@csstools/css-tokenizer@3.0.4)
      '@csstools/css-tokenizer': 3.0.4

  '@csstools/css-color-parser@3.0.10(@csstools/css-parser-algorithms@3.0.5(@csstools/css-tokenizer@3.0.4))(@csstools/css-tokenizer@3.0.4)':
    dependencies:
      '@csstools/color-helpers': 5.0.2
      '@csstools/css-calc': 2.1.4(@csstools/css-parser-algorithms@3.0.5(@csstools/css-tokenizer@3.0.4))(@csstools/css-tokenizer@3.0.4)
      '@csstools/css-parser-algorithms': 3.0.5(@csstools/css-tokenizer@3.0.4)
      '@csstools/css-tokenizer': 3.0.4

  '@csstools/css-parser-algorithms@3.0.5(@csstools/css-tokenizer@3.0.4)':
    dependencies:
      '@csstools/css-tokenizer': 3.0.4

  '@csstools/css-tokenizer@3.0.4': {}

  '@mozilla/readability@0.6.0': {}

  '@notionhq/client@4.0.0': {}

  '@openrouter/ai-sdk-provider@0.7.3(ai@4.3.19(react@19.1.0)(zod@3.25.76))(zod@3.25.76)':
    dependencies:
      '@ai-sdk/provider': 1.1.3
      '@ai-sdk/provider-utils': 2.2.8(zod@3.25.76)
      ai: 4.3.19(react@19.1.0)(zod@3.25.76)
      zod: 3.25.76

  '@opentelemetry/api@1.9.0': {}

  '@types/diff-match-patch@1.0.36': {}

  agent-base@7.1.4: {}

  ai@4.3.19(react@19.1.0)(zod@3.25.76):
    dependencies:
      '@ai-sdk/provider': 1.1.3
      '@ai-sdk/provider-utils': 2.2.8(zod@3.25.76)
      '@ai-sdk/react': 1.2.12(react@19.1.0)(zod@3.25.76)
      '@ai-sdk/ui-utils': 1.2.11(zod@3.25.76)
      '@opentelemetry/api': 1.9.0
      jsondiffpatch: 0.6.0
      zod: 3.25.76
    optionalDependencies:
      react: 19.1.0

  chalk@5.4.1: {}

  cssstyle@4.6.0:
    dependencies:
      '@asamuzakjp/css-color': 3.2.0
      rrweb-cssom: 0.8.0

  data-urls@5.0.0:
    dependencies:
      whatwg-mimetype: 4.0.0
      whatwg-url: 14.2.0

  debug@4.4.1:
    dependencies:
      ms: 2.1.3

  decimal.js@10.6.0: {}

  dequal@2.0.3: {}

  diff-match-patch@1.0.5: {}

  dotenv@17.1.0: {}

  entities@6.0.1: {}

  fsevents@2.3.2:
    optional: true

  html-encoding-sniffer@4.0.0:
    dependencies:
      whatwg-encoding: 3.1.1

  http-proxy-agent@7.0.2:
    dependencies:
      agent-base: 7.1.4
      debug: 4.4.1
    transitivePeerDependencies:
      - supports-color

  https-proxy-agent@7.0.6:
    dependencies:
      agent-base: 7.1.4
      debug: 4.4.1
    transitivePeerDependencies:
      - supports-color

  iconv-lite@0.6.3:
    dependencies:
      safer-buffer: 2.1.2

  is-potential-custom-element-name@1.0.1: {}

  jsdom@26.1.0:
    dependencies:
      cssstyle: 4.6.0
      data-urls: 5.0.0
      decimal.js: 10.6.0
      html-encoding-sniffer: 4.0.0
      http-proxy-agent: 7.0.2
      https-proxy-agent: 7.0.6
      is-potential-custom-element-name: 1.0.1
      nwsapi: 2.2.21
      parse5: 7.3.0
      rrweb-cssom: 0.8.0
      saxes: 6.0.0
      symbol-tree: 3.2.4
      tough-cookie: 5.1.2
      w3c-xmlserializer: 5.0.0
      webidl-conversions: 7.0.0
      whatwg-encoding: 3.1.1
      whatwg-mimetype: 4.0.0
      whatwg-url: 14.2.0
      ws: 8.18.3
      xml-name-validator: 5.0.0
    transitivePeerDependencies:
      - bufferutil
      - supports-color
      - utf-8-validate

  json-schema@0.4.0: {}

  jsondiffpatch@0.6.0:
    dependencies:
      '@types/diff-match-patch': 1.0.36
      chalk: 5.4.1
      diff-match-patch: 1.0.5

  lru-cache@10.4.3: {}

  markdown-table@2.0.0:
    dependencies:
      repeat-string: 1.6.1

  ms@2.1.3: {}

  nanoid@3.3.11: {}

  node-fetch@2.7.0:
    dependencies:
      whatwg-url: 5.0.0

  notion-to-md@3.1.9:
    dependencies:
      markdown-table: 2.0.0
      node-fetch: 2.7.0
    transitivePeerDependencies:
      - encoding

  nwsapi@2.2.21: {}

  parse5@7.3.0:
    dependencies:
      entities: 6.0.1

  playwright-core@1.54.2: {}

  playwright@1.54.2:
    dependencies:
      playwright-core: 1.54.2
    optionalDependencies:
      fsevents: 2.3.2

  punycode@2.3.1: {}

  react@19.1.0: {}

  repeat-string@1.6.1: {}

  rrweb-cssom@0.8.0: {}

  safer-buffer@2.1.2: {}

  saxes@6.0.0:
    dependencies:
      xmlchars: 2.2.0

  secure-json-parse@2.7.0: {}

  swr@2.3.4(react@19.1.0):
    dependencies:
      dequal: 2.0.3
      react: 19.1.0
      use-sync-external-store: 1.5.0(react@19.1.0)

  symbol-tree@3.2.4: {}

  throttleit@2.1.0: {}

  tldts-core@6.1.86: {}

  tldts@6.1.86:
    dependencies:
      tldts-core: 6.1.86

  tough-cookie@5.1.2:
    dependencies:
      tldts: 6.1.86

  tr46@0.0.3: {}

  tr46@5.1.1:
    dependencies:
      punycode: 2.3.1

  use-sync-external-store@1.5.0(react@19.1.0):
    dependencies:
      react: 19.1.0

  w3c-xmlserializer@5.0.0:
    dependencies:
      xml-name-validator: 5.0.0

  webidl-conversions@3.0.1: {}

  webidl-conversions@7.0.0: {}

  whatwg-encoding@3.1.1:
    dependencies:
      iconv-lite: 0.6.3

  whatwg-mimetype@4.0.0: {}

  whatwg-url@14.2.0:
    dependencies:
      tr46: 5.1.1
      webidl-conversions: 7.0.0

  whatwg-url@5.0.0:
    dependencies:
      tr46: 0.0.3
      webidl-conversions: 3.0.1

  ws@8.18.3: {}

  xml-name-validator@5.0.0: {}

  xmlchars@2.2.0: {}

  zod-to-json-schema@3.24.6(zod@3.25.76):
    dependencies:
      zod: 3.25.76

  zod@3.25.76: {}
