lockfileVersion: '9.0'

settings:
  autoInstallPeers: true
  excludeLinksFromLockfile: false

importers:

  .:
    dependencies:
      '@openrouter/ai-sdk-provider':
        specifier: ^0.7.3
        version: 0.7.3(ai@4.3.19(react@19.1.0)(zod@3.25.76))(zod@3.25.76)
      ai:
        specifier: ^4.3.19
        version: 4.3.19(react@19.1.0)(zod@3.25.76)
    devDependencies:
      '@biomejs/biome':
        specifier: ^2.1.1
        version: 2.1.1
      '@notionhq/client':
        specifier: ^4.0.0
        version: 4.0.0
      dotenv:
        specifier: ^17.1.0
        version: 17.1.0
      notion-to-md:
        specifier: ^3.1.9
        version: 3.1.9

packages:

  '@ai-sdk/provider-utils@2.2.8':
    resolution: {integrity: sha512-fqhG+4sCVv8x7nFzYnFo19ryhAa3w096Kmc3hWxMQfW/TubPOmt3A6tYZhl4mUfQWWQMsuSkLrtjlWuXBVSGQA==}
    engines: {node: '>=18'}
    peerDependencies:
      zod: ^3.23.8

  '@ai-sdk/provider@1.1.3':
    resolution: {integrity: sha512-qZMxYJ0qqX/RfnuIaab+zp8UAeJn/ygXXAffR5I4N0n1IrvA6qBsjc8hXLmBiMV2zoXlifkacF7sEFnYnjBcqg==}
    engines: {node: '>=18'}

  '@ai-sdk/react@1.2.12':
    resolution: {integrity: sha512-jK1IZZ22evPZoQW3vlkZ7wvjYGYF+tRBKXtrcolduIkQ/m/sOAVcVeVDUDvh1T91xCnWCdUGCPZg2avZ90mv3g==}
    engines: {node: '>=18'}
    peerDependencies:
      react: ^18 || ^19 || ^19.0.0-rc
      zod: ^3.23.8
    peerDependenciesMeta:
      zod:
        optional: true

  '@ai-sdk/ui-utils@1.2.11':
    resolution: {integrity: sha512-3zcwCc8ezzFlwp3ZD15wAPjf2Au4s3vAbKsXQVyhxODHcmu0iyPO2Eua6D/vicq/AUm/BAo60r97O6HU+EI0+w==}
    engines: {node: '>=18'}
    peerDependencies:
      zod: ^3.23.8

  '@biomejs/biome@2.1.1':
    resolution: {integrity: sha512-HFGYkxG714KzG+8tvtXCJ1t1qXQMzgWzfvQaUjxN6UeKv+KvMEuliInnbZLJm6DXFXwqVi6446EGI0sGBLIYng==}
    engines: {node: '>=14.21.3'}
    hasBin: true

  '@biomejs/cli-darwin-arm64@2.1.1':
    resolution: {integrity: sha512-2Muinu5ok4tWxq4nu5l19el48cwCY/vzvI7Vjbkf3CYIQkjxZLyj0Ad37Jv2OtlXYaLvv+Sfu1hFeXt/JwRRXQ==}
    engines: {node: '>=14.21.3'}
    cpu: [arm64]
    os: [darwin]

  '@biomejs/cli-darwin-x64@2.1.1':
    resolution: {integrity: sha512-cC8HM5lrgKQXLAK+6Iz2FrYW5A62pAAX6KAnRlEyLb+Q3+Kr6ur/sSuoIacqlp1yvmjHJqjYfZjPvHWnqxoEIA==}
    engines: {node: '>=14.21.3'}
    cpu: [x64]
    os: [darwin]

  '@biomejs/cli-linux-arm64-musl@2.1.1':
    resolution: {integrity: sha512-/7FBLnTswu4jgV9ttI3AMIdDGqVEPIZd8I5u2D4tfCoj8rl9dnjrEQbAIDlWhUXdyWlFSz8JypH3swU9h9P+2A==}
    engines: {node: '>=14.21.3'}
    cpu: [arm64]
    os: [linux]
    libc: [musl]

  '@biomejs/cli-linux-arm64@2.1.1':
    resolution: {integrity: sha512-tw4BEbhAUkWPe4WBr6IX04DJo+2jz5qpPzpW/SWvqMjb9QuHY8+J0M23V8EPY/zWU4IG8Ui0XESapR1CB49Q7g==}
    engines: {node: '>=14.21.3'}
    cpu: [arm64]
    os: [linux]
    libc: [glibc]

  '@biomejs/cli-linux-x64-musl@2.1.1':
    resolution: {integrity: sha512-kUu+loNI3OCD2c12cUt7M5yaaSjDnGIksZwKnueubX6c/HWUyi/0mPbTBHR49Me3F0KKjWiKM+ZOjsmC+lUt9g==}
    engines: {node: '>=14.21.3'}
    cpu: [x64]
    os: [linux]
    libc: [musl]

  '@biomejs/cli-linux-x64@2.1.1':
    resolution: {integrity: sha512-3WJ1GKjU7NzZb6RTbwLB59v9cTIlzjbiFLDB0z4376TkDqoNYilJaC37IomCr/aXwuU8QKkrYoHrgpSq5ffJ4Q==}
    engines: {node: '>=14.21.3'}
    cpu: [x64]
    os: [linux]
    libc: [glibc]

  '@biomejs/cli-win32-arm64@2.1.1':
    resolution: {integrity: sha512-vEHK0v0oW+E6RUWLoxb2isI3rZo57OX9ZNyyGH701fZPj6Il0Rn1f5DMNyCmyflMwTnIQstEbs7n2BxYSqQx4Q==}
    engines: {node: '>=14.21.3'}
    cpu: [arm64]
    os: [win32]

  '@biomejs/cli-win32-x64@2.1.1':
    resolution: {integrity: sha512-i2PKdn70kY++KEF/zkQFvQfX1e8SkA8hq4BgC+yE9dZqyLzB/XStY2MvwI3qswlRgnGpgncgqe0QYKVS1blksg==}
    engines: {node: '>=14.21.3'}
    cpu: [x64]
    os: [win32]

  '@notionhq/client@4.0.0':
    resolution: {integrity: sha512-repLjfvmiwZ/oKAULpudXZ67VnXaGpr+AbzRXOntO89v8kslVlUfZX/VLgKRzQ0gRWGBabtFp+5YoTRuhQp6jA==}
    engines: {node: '>=18'}

  '@openrouter/ai-sdk-provider@0.7.3':
    resolution: {integrity: sha512-qv0oYJjJK507jVfUxsFbIHvbZNvcBiCl7nziEaS0oqPAtARQ3SM7IIg8blAzVwj/aFzs7OUD1HcuTb7Rrq+jBA==}
    engines: {node: '>=18'}
    peerDependencies:
      ai: ^4.3.17
      zod: ^3.25.34

  '@opentelemetry/api@1.9.0':
    resolution: {integrity: sha512-3giAOQvZiH5F9bMlMiv8+GSPMeqg0dbaeo58/0SlA9sxSqZhnUtxzX9/2FzyhS9sWQf5S0GJE0AKBrFqjpeYcg==}
    engines: {node: '>=8.0.0'}

  '@types/diff-match-patch@1.0.36':
    resolution: {integrity: sha512-xFdR6tkm0MWvBfO8xXCSsinYxHcqkQUlcHeSpMC2ukzOb6lwQAfDmW+Qt0AvlGd8HpsS28qKsB+oPeJn9I39jg==}

  ai@4.3.19:
    resolution: {integrity: sha512-dIE2bfNpqHN3r6IINp9znguYdhIOheKW2LDigAMrgt/upT3B8eBGPSCblENvaZGoq+hxaN9fSMzjWpbqloP+7Q==}
    engines: {node: '>=18'}
    peerDependencies:
      react: ^18 || ^19 || ^19.0.0-rc
      zod: ^3.23.8
    peerDependenciesMeta:
      react:
        optional: true

  chalk@5.4.1:
    resolution: {integrity: sha512-zgVZuo2WcZgfUEmsn6eO3kINexW8RAE4maiQ8QNs8CtpPCSyMiYsULR3HQYkm3w8FIA3SberyMJMSldGsW+U3w==}
    engines: {node: ^12.17.0 || ^14.13 || >=16.0.0}

  dequal@2.0.3:
    resolution: {integrity: sha512-0je+qPKHEMohvfRTCEo3CrPG6cAzAYgmzKyxRiYSSDkS6eGJdyVJm7WaYA5ECaAD9wLB2T4EEeymA5aFVcYXCA==}
    engines: {node: '>=6'}

  diff-match-patch@1.0.5:
    resolution: {integrity: sha512-IayShXAgj/QMXgB0IWmKx+rOPuGMhqm5w6jvFxmVenXKIzRqTAAsbBPT3kWQeGANj3jGgvcvv4yK6SxqYmikgw==}

  dotenv@17.1.0:
    resolution: {integrity: sha512-tG9VUTJTuju6GcXgbdsOuRhupE8cb4mRgY5JLRCh4MtGoVo3/gfGUtOMwmProM6d0ba2mCFvv+WrpYJV6qgJXQ==}
    engines: {node: '>=12'}

  json-schema@0.4.0:
    resolution: {integrity: sha512-es94M3nTIfsEPisRafak+HDLfHXnKBhV3vU5eqPcS3flIWqcxJWgXHXiey3YrpaNsanY5ei1VoYEbOzijuq9BA==}

  jsondiffpatch@0.6.0:
    resolution: {integrity: sha512-3QItJOXp2AP1uv7waBkao5nCvhEv+QmJAd38Ybq7wNI74Q+BBmnLn4EDKz6yI9xGAIQoUF87qHt+kc1IVxB4zQ==}
    engines: {node: ^18.0.0 || >=20.0.0}
    hasBin: true

  markdown-table@2.0.0:
    resolution: {integrity: sha512-Ezda85ToJUBhM6WGaG6veasyym+Tbs3cMAw/ZhOPqXiYsr0jgocBV3j3nx+4lk47plLlIqjwuTm/ywVI+zjJ/A==}

  nanoid@3.3.11:
    resolution: {integrity: sha512-N8SpfPUnUp1bK+PMYW8qSWdl9U+wwNWI4QKxOYDy9JAro3WMX7p2OeVRF9v+347pnakNevPmiHhNmZ2HbFA76w==}
    engines: {node: ^10 || ^12 || ^13.7 || ^14 || >=15.0.1}
    hasBin: true

  node-fetch@2.7.0:
    resolution: {integrity: sha512-c4FRfUm/dbcWZ7U+1Wq0AwCyFL+3nt2bEw05wfxSz+DWpWsitgmSgYmy2dQdWyKC1694ELPqMs/YzUSNozLt8A==}
    engines: {node: 4.x || >=6.0.0}
    peerDependencies:
      encoding: ^0.1.0
    peerDependenciesMeta:
      encoding:
        optional: true

  notion-to-md@3.1.9:
    resolution: {integrity: sha512-SsYhhigh+jOv06QOiFynOQATPMl96CspWDIL3Q5klzp4eaZ1dYaPI3ELoly80G1K0jf730u3ItvfwskzPKK41g==}
    engines: {node: '>=12'}

  react@19.1.0:
    resolution: {integrity: sha512-FS+XFBNvn3GTAWq26joslQgWNoFu08F4kl0J4CgdNKADkdSGXQyTCnKteIAJy96Br6YbpEU1LSzV5dYtjMkMDg==}
    engines: {node: '>=0.10.0'}

  repeat-string@1.6.1:
    resolution: {integrity: sha512-PV0dzCYDNfRi1jCDbJzpW7jNNDRuCOG/jI5ctQcGKt/clZD+YcPS3yIlWuTJMmESC8aevCFmWJy5wjAFgNqN6w==}
    engines: {node: '>=0.10'}

  secure-json-parse@2.7.0:
    resolution: {integrity: sha512-6aU+Rwsezw7VR8/nyvKTx8QpWH9FrcYiXXlqC4z5d5XQBDRqtbfsRjnwGyqbi3gddNtWHuEk9OANUotL26qKUw==}

  swr@2.3.4:
    resolution: {integrity: sha512-bYd2lrhc+VarcpkgWclcUi92wYCpOgMws9Sd1hG1ntAu0NEy+14CbotuFjshBU2kt9rYj9TSmDcybpxpeTU1fg==}
    peerDependencies:
      react: ^16.11.0 || ^17.0.0 || ^18.0.0 || ^19.0.0

  throttleit@2.1.0:
    resolution: {integrity: sha512-nt6AMGKW1p/70DF/hGBdJB57B8Tspmbp5gfJ8ilhLnt7kkr2ye7hzD6NVG8GGErk2HWF34igrL2CXmNIkzKqKw==}
    engines: {node: '>=18'}

  tr46@0.0.3:
    resolution: {integrity: sha512-N3WMsuqV66lT30CrXNbEjx4GEwlow3v6rr4mCcv6prnfwhS01rkgyFdjPNBYd9br7LpXV1+Emh01fHnq2Gdgrw==}

  use-sync-external-store@1.5.0:
    resolution: {integrity: sha512-Rb46I4cGGVBmjamjphe8L/UnvJD+uPPtTkNvX5mZgqdbavhI4EbgIWJiIHXJ8bc/i9EQGPRh4DwEURJ552Do0A==}
    peerDependencies:
      react: ^16.8.0 || ^17.0.0 || ^18.0.0 || ^19.0.0

  webidl-conversions@3.0.1:
    resolution: {integrity: sha512-2JAn3z8AR6rjK8Sm8orRC0h/bcl/DqL7tRPdGZ4I1CjdF+EaMLmYxBHyXuKL849eucPFhvBoxMsflfOb8kxaeQ==}

  whatwg-url@5.0.0:
    resolution: {integrity: sha512-saE57nupxk6v3HY35+jzBwYa0rKSy0XR8JSxZPwgLr7ys0IBzhGviA1/TUGJLmSVqs8pb9AnvICXEuOHLprYTw==}

  zod-to-json-schema@3.24.6:
    resolution: {integrity: sha512-h/z3PKvcTcTetyjl1fkj79MHNEjm+HpD6NXheWjzOekY7kV+lwDYnHw+ivHkijnCSMz1yJaWBD9vu/Fcmk+vEg==}
    peerDependencies:
      zod: ^3.24.1

  zod@3.25.76:
    resolution: {integrity: sha512-gzUt/qt81nXsFGKIFcC3YnfEAx5NkunCfnDlvuBSSFS02bcXu4Lmea0AFIUwbLWxWPx3d9p8S5QoaujKcNQxcQ==}

snapshots:

  '@ai-sdk/provider-utils@2.2.8(zod@3.25.76)':
    dependencies:
      '@ai-sdk/provider': 1.1.3
      nanoid: 3.3.11
      secure-json-parse: 2.7.0
      zod: 3.25.76

  '@ai-sdk/provider@1.1.3':
    dependencies:
      json-schema: 0.4.0

  '@ai-sdk/react@1.2.12(react@19.1.0)(zod@3.25.76)':
    dependencies:
      '@ai-sdk/provider-utils': 2.2.8(zod@3.25.76)
      '@ai-sdk/ui-utils': 1.2.11(zod@3.25.76)
      react: 19.1.0
      swr: 2.3.4(react@19.1.0)
      throttleit: 2.1.0
    optionalDependencies:
      zod: 3.25.76

  '@ai-sdk/ui-utils@1.2.11(zod@3.25.76)':
    dependencies:
      '@ai-sdk/provider': 1.1.3
      '@ai-sdk/provider-utils': 2.2.8(zod@3.25.76)
      zod: 3.25.76
      zod-to-json-schema: 3.24.6(zod@3.25.76)

  '@biomejs/biome@2.1.1':
    optionalDependencies:
      '@biomejs/cli-darwin-arm64': 2.1.1
      '@biomejs/cli-darwin-x64': 2.1.1
      '@biomejs/cli-linux-arm64': 2.1.1
      '@biomejs/cli-linux-arm64-musl': 2.1.1
      '@biomejs/cli-linux-x64': 2.1.1
      '@biomejs/cli-linux-x64-musl': 2.1.1
      '@biomejs/cli-win32-arm64': 2.1.1
      '@biomejs/cli-win32-x64': 2.1.1

  '@biomejs/cli-darwin-arm64@2.1.1':
    optional: true

  '@biomejs/cli-darwin-x64@2.1.1':
    optional: true

  '@biomejs/cli-linux-arm64-musl@2.1.1':
    optional: true

  '@biomejs/cli-linux-arm64@2.1.1':
    optional: true

  '@biomejs/cli-linux-x64-musl@2.1.1':
    optional: true

  '@biomejs/cli-linux-x64@2.1.1':
    optional: true

  '@biomejs/cli-win32-arm64@2.1.1':
    optional: true

  '@biomejs/cli-win32-x64@2.1.1':
    optional: true

  '@notionhq/client@4.0.0': {}

  '@openrouter/ai-sdk-provider@0.7.3(ai@4.3.19(react@19.1.0)(zod@3.25.76))(zod@3.25.76)':
    dependencies:
      '@ai-sdk/provider': 1.1.3
      '@ai-sdk/provider-utils': 2.2.8(zod@3.25.76)
      ai: 4.3.19(react@19.1.0)(zod@3.25.76)
      zod: 3.25.76

  '@opentelemetry/api@1.9.0': {}

  '@types/diff-match-patch@1.0.36': {}

  ai@4.3.19(react@19.1.0)(zod@3.25.76):
    dependencies:
      '@ai-sdk/provider': 1.1.3
      '@ai-sdk/provider-utils': 2.2.8(zod@3.25.76)
      '@ai-sdk/react': 1.2.12(react@19.1.0)(zod@3.25.76)
      '@ai-sdk/ui-utils': 1.2.11(zod@3.25.76)
      '@opentelemetry/api': 1.9.0
      jsondiffpatch: 0.6.0
      zod: 3.25.76
    optionalDependencies:
      react: 19.1.0

  chalk@5.4.1: {}

  dequal@2.0.3: {}

  diff-match-patch@1.0.5: {}

  dotenv@17.1.0: {}

  json-schema@0.4.0: {}

  jsondiffpatch@0.6.0:
    dependencies:
      '@types/diff-match-patch': 1.0.36
      chalk: 5.4.1
      diff-match-patch: 1.0.5

  markdown-table@2.0.0:
    dependencies:
      repeat-string: 1.6.1

  nanoid@3.3.11: {}

  node-fetch@2.7.0:
    dependencies:
      whatwg-url: 5.0.0

  notion-to-md@3.1.9:
    dependencies:
      markdown-table: 2.0.0
      node-fetch: 2.7.0
    transitivePeerDependencies:
      - encoding

  react@19.1.0: {}

  repeat-string@1.6.1: {}

  secure-json-parse@2.7.0: {}

  swr@2.3.4(react@19.1.0):
    dependencies:
      dequal: 2.0.3
      react: 19.1.0
      use-sync-external-store: 1.5.0(react@19.1.0)

  throttleit@2.1.0: {}

  tr46@0.0.3: {}

  use-sync-external-store@1.5.0(react@19.1.0):
    dependencies:
      react: 19.1.0

  webidl-conversions@3.0.1: {}

  whatwg-url@5.0.0:
    dependencies:
      tr46: 0.0.3
      webidl-conversions: 3.0.1

  zod-to-json-schema@3.24.6(zod@3.25.76):
    dependencies:
      zod: 3.25.76

  zod@3.25.76: {}
